
Microsoft Visual Studio Solution File, Format Version 12.00
# Visual Studio Version 16
VisualStudioVersion = 16.0.29411.108
MinimumVisualStudioVersion = 10.0.40219.1
Project("{FAE04EC0-301F-11D3-BF4B-00C04F79EFBC}") = "Testing_String3_2", "Testing_String3_2\Testing_String3_2.csproj", "{88FB1FD2-A369-4098-904E-D7E9D42F2B45}"
EndProject
Project("{FAE04EC0-301F-11D3-BF4B-00C04F79EFBC}") = "HtmlFormatterUnitTest3_2", "HtmlFormatterUnitTest3_2\HtmlFormatterUnitTest3_2.csproj", "{FC36EEEA-2701-4B17-9868-937DCBFB7D0F}"
EndProject
Global
	GlobalSection(SolutionConfigurationPlatforms) = preSolution
		Debug|Any CPU = Debug|Any CPU
		Release|Any CPU = Release|Any CPU
	EndGlobalSection
	GlobalSection(ProjectConfigurationPlatforms) = postSolution
		{88FB1FD2-A369-4098-904E-D7E9D42F2B45}.Debug|Any CPU.ActiveCfg = Debug|Any CPU
		{88FB1FD2-A369-4098-904E-D7E9D42F2B45}.Debug|Any CPU.Build.0 = Debug|Any CPU
		{88FB1FD2-A369-4098-904E-D7E9D42F2B45}.Release|Any CPU.ActiveCfg = Release|Any CPU
		{88FB1FD2-A369-4098-904E-D7E9D42F2B45}.Release|Any CPU.Build.0 = Release|Any CPU
		{FC36EEEA-2701-4B17-9868-937DCBFB7D0F}.Debug|Any CPU.ActiveCfg = Debug|Any CPU
		{FC36EEEA-2701-4B17-9868-937DCBFB7D0F}.Debug|Any CPU.Build.0 = Debug|Any CPU
		{FC36EEEA-2701-4B17-9868-937DCBFB7D0F}.Release|Any CPU.ActiveCfg = Release|Any CPU
		{FC36EEEA-2701-4B17-9868-937DCBFB7D0F}.Release|Any CPU.Build.0 = Release|Any CPU
	EndGlobalSection
	GlobalSection(SolutionProperties) = preSolution
		HideSolutionNode = FALSE
	EndGlobalSection
	GlobalSection(ExtensibilityGlobals) = postSolution
		SolutionGuid = {9A475DEC-31D2-439B-88C4-18C0F8B97792}
	EndGlobalSection
EndGlobal
